
Microsoft Visual Studio Solution File, Format Version 12.00
# Visual Studio Version 16
VisualStudioVersion = 16.0.29609.76
MinimumVisualStudioVersion = 10.0.40219.1
Project("{E24C65DC-7377-472B-9ABA-BC803B73C61A}") = "CloudTraining.Web", "CloudTraining.Web\", "{8B4B88B7-FD57-4DCB-A845-95457821CEA3}"
	ProjectSection(WebsiteProperties) = preProject
		TargetFrameworkMoniker = ".NETFramework,Version%3Dv4.7.2"
		Debug.AspNetCompiler.VirtualPath = "/localhost_8116"
		Debug.AspNetCompiler.PhysicalPath = "CloudTraining.Web\"
		Debug.AspNetCompiler.TargetPath = "PrecompiledWeb\localhost_8116\"
		Debug.AspNetCompiler.Updateable = "true"
		Debug.AspNetCompiler.ForceOverwrite = "true"
		Debug.AspNetCompiler.FixedNames = "false"
		Debug.AspNetCompiler.Debug = "True"
		Release.AspNetCompiler.VirtualPath = "/localhost_8116"
		Release.AspNetCompiler.PhysicalPath = "CloudTraining.Web\"
		Release.AspNetCompiler.TargetPath = "PrecompiledWeb\localhost_8116\"
		Release.AspNetCompiler.Updateable = "true"
		Release.AspNetCompiler.ForceOverwrite = "true"
		Release.AspNetCompiler.FixedNames = "false"
		Release.AspNetCompiler.Debug = "False"
		VWDPort = "8116"
		SlnRelativePath = "CloudTraining.Web\"
		DefaultWebSiteLanguage = "Visual C#"
	EndProjectSection
	ProjectSection(ProjectDependencies) = postProject
		{1563A39F-C7F0-4B6A-A515-CBC103E6A5E9} = {1563A39F-C7F0-4B6A-A515-CBC103E6A5E9}
	EndProjectSection
EndProject
Project("{9A19103F-16F7-4668-BE54-9A1E7A4F7556}") = "CloudTraining.Core", "CloudTraining.Core\CloudTraining.Core.csproj", "{1563A39F-C7F0-4B6A-A515-CBC103E6A5E9}"
EndProject
Global
	GlobalSection(SolutionConfigurationPlatforms) = preSolution
		Debug|Any CPU = Debug|Any CPU
		Release|Any CPU = Release|Any CPU
	EndGlobalSection
	GlobalSection(ProjectConfigurationPlatforms) = postSolution
		{8B4B88B7-FD57-4DCB-A845-95457821CEA3}.Debug|Any CPU.ActiveCfg = Debug|Any CPU
		{8B4B88B7-FD57-4DCB-A845-95457821CEA3}.Release|Any CPU.ActiveCfg = Debug|Any CPU
		{1563A39F-C7F0-4B6A-A515-CBC103E6A5E9}.Debug|Any CPU.ActiveCfg = Debug|Any CPU
		{1563A39F-C7F0-4B6A-A515-CBC103E6A5E9}.Debug|Any CPU.Build.0 = Debug|Any CPU
		{1563A39F-C7F0-4B6A-A515-CBC103E6A5E9}.Release|Any CPU.ActiveCfg = Release|Any CPU
		{1563A39F-C7F0-4B6A-A515-CBC103E6A5E9}.Release|Any CPU.Build.0 = Release|Any CPU
	EndGlobalSection
	GlobalSection(SolutionProperties) = preSolution
		HideSolutionNode = FALSE
	EndGlobalSection
	GlobalSection(ExtensibilityGlobals) = postSolution
		SolutionGuid = {C9BCC898-219B-45E5-A552-97D9E0A24BE2}
	EndGlobalSection
EndGlobal
